// !$*UTF8*$!
{
	archiveVersion = 1;
	classes = {
	};
	objectVersion = 55;
	objects = {

/* Begin PBXBuildFile section */
		AD467F76273ECF6B006DFAE2 /* AppDelegate.swift in Sources */ = {isa = PBXBuildFile; fileRef = AD467F75273ECF6B006DFAE2 /* AppDelegate.swift */; };
		AD467F78273ECF6B006DFAE2 /* SceneDelegate.swift in Sources */ = {isa = PBXBuildFile; fileRef = AD467F77273ECF6B006DFAE2 /* SceneDelegate.swift */; };
		AD467F7A273ECF6B006DFAE2 /* ImageViewerController.swift in Sources */ = {isa = PBXBuildFile; fileRef = AD467F79273ECF6B006DFAE2 /* ImageViewerController.swift */; };
		AD467F7D273ECF6B006DFAE2 /* Main.storyboard in Resources */ = {isa = PBXBuildFile; fileRef = AD467F7B273ECF6B006DFAE2 /* Main.storyboard */; };
		AD467F7F273ECF6E006DFAE2 /* Assets.xcassets in Resources */ = {isa = PBXBuildFile; fileRef = AD467F7E273ECF6E006DFAE2 /* Assets.xcassets */; };
		AD467F82273ECF6E006DFAE2 /* LaunchScreen.storyboard in Resources */ = {isa = PBXBuildFile; fileRef = AD467F80273ECF6E006DFAE2 /* LaunchScreen.storyboard */; };
		AD467F8D273ECF6E006DFAE2 /* imageviewerTests.swift in Sources */ = {isa = PBXBuildFile; fileRef = AD467F8C273ECF6E006DFAE2 /* imageviewerTests.swift */; };
		AD467F97273ECF6E006DFAE2 /* imageviewerUITests.swift in Sources */ = {isa = PBXBuildFile; fileRef = AD467F96273ECF6E006DFAE2 /* imageviewerUITests.swift */; };
		AD467F99273ECF6E006DFAE2 /* imageviewerUITestsLaunchTests.swift in Sources */ = {isa = PBXBuildFile; fileRef = AD467F98273ECF6E006DFAE2 /* imageviewerUITestsLaunchTests.swift */; };
		AD467FA9273ED91E006DFAE2 /* NewImageController.swift in Sources */ = {isa = PBXBuildFile; fileRef = AD467FA8273ED91E006DFAE2 /* NewImageController.swift */; };
		AD467FAB273EDD43006DFAE2 /* ImageInfo.swift in Sources */ = {isa = PBXBuildFile; fileRef = AD467FAA273EDD43006DFAE2 /* ImageInfo.swift */; };
		AD467FAD273EE2B2006DFAE2 /* ImageManager.swift in Sources */ = {isa = PBXBuildFile; fileRef = AD467FAC273EE2B2006DFAE2 /* ImageManager.swift */; };
		AD467FB1273F21B3006DFAE2 /* noimageavailable.png in Resources */ = {isa = PBXBuildFile; fileRef = AD467FB0273F21B2006DFAE2 /* noimageavailable.png */; };
/* End PBXBuildFile section */

/* Begin PBXContainerItemProxy section */
		AD467F89273ECF6E006DFAE2 /* PBXContainerItemProxy */ = {
			isa = PBXContainerItemProxy;
			containerPortal = AD467F6A273ECF6B006DFAE2 /* Project object */;
			proxyType = 1;
			remoteGlobalIDString = AD467F71273ECF6B006DFAE2;
			remoteInfo = imageviewer;
		};
		AD467F93273ECF6E006DFAE2 /* PBXContainerItemProxy */ = {
			isa = PBXContainerItemProxy;
			containerPortal = AD467F6A273ECF6B006DFAE2 /* Project object */;
			proxyType = 1;
			remoteGlobalIDString = AD467F71273ECF6B006DFAE2;
			remoteInfo = imageviewer;
		};
/* End PBXContainerItemProxy section */

/* Begin PBXFileReference section */
		AD467F72273ECF6B006DFAE2 /* imageviewer.app */ = {isa = PBXFileReference; explicitFileType = wrapper.application; includeInIndex = 0; path = imageviewer.app; sourceTree = BUILT_PRODUCTS_DIR; };
		AD467F75273ECF6B006DFAE2 /* AppDelegate.swift */ = {isa = PBXFileReference; lastKnownFileType = sourcecode.swift; path = AppDelegate.swift; sourceTree = "<group>"; };
		AD467F77273ECF6B006DFAE2 /* SceneDelegate.swift */ = {isa = PBXFileReference; lastKnownFileType = sourcecode.swift; path = SceneDelegate.swift; sourceTree = "<group>"; };
		AD467F79273ECF6B006DFAE2 /* ImageViewerController.swift */ = {isa = PBXFileReference; lastKnownFileType = sourcecode.swift; path = ImageViewerController.swift; sourceTree = "<group>"; };
		AD467F7C273ECF6B006DFAE2 /* Base */ = {isa = PBXFileReference; lastKnownFileType = file.storyboard; name = Base; path = Base.lproj/Main.storyboard; sourceTree = "<group>"; };
		AD467F7E273ECF6E006DFAE2 /* Assets.xcassets */ = {isa = PBXFileReference; lastKnownFileType = folder.assetcatalog; path = Assets.xcassets; sourceTree = "<group>"; };
		AD467F81273ECF6E006DFAE2 /* Base */ = {isa = PBXFileReference; lastKnownFileType = file.storyboard; name = Base; path = Base.lproj/LaunchScreen.storyboard; sourceTree = "<group>"; };
		AD467F83273ECF6E006DFAE2 /* Info.plist */ = {isa = PBXFileReference; lastKnownFileType = text.plist.xml; path = Info.plist; sourceTree = "<group>"; };
		AD467F88273ECF6E006DFAE2 /* imageviewerTests.xctest */ = {isa = PBXFileReference; explicitFileType = wrapper.cfbundle; includeInIndex = 0; path = imageviewerTests.xctest; sourceTree = BUILT_PRODUCTS_DIR; };
		AD467F8C273ECF6E006DFAE2 /* imageviewerTests.swift */ = {isa = PBXFileReference; lastKnownFileType = sourcecode.swift; path = imageviewerTests.swift; sourceTree = "<group>"; };
		AD467F92273ECF6E006DFAE2 /* imageviewerUITests.xctest */ = {isa = PBXFileReference; explicitFileType = wrapper.cfbundle; includeInIndex = 0; path = imageviewerUITests.xctest; sourceTree = BUILT_PRODUCTS_DIR; };
		AD467F96273ECF6E006DFAE2 /* imageviewerUITests.swift */ = {isa = PBXFileReference; lastKnownFileType = sourcecode.swift; path = imageviewerUITests.swift; sourceTree = "<group>"; };
		AD467F98273ECF6E006DFAE2 /* imageviewerUITestsLaunchTests.swift */ = {isa = PBXFileReference; lastKnownFileType = sourcecode.swift; path = imageviewerUITestsLaunchTests.swift; sourceTree = "<group>"; };
		AD467FA8273ED91E006DFAE2 /* NewImageController.swift */ = {isa = PBXFileReference; lastKnownFileType = sourcecode.swift; path = NewImageController.swift; sourceTree = "<group>"; };
		AD467FAA273EDD43006DFAE2 /* ImageInfo.swift */ = {isa = PBXFileReference; lastKnownFileType = sourcecode.swift; path = ImageInfo.swift; sourceTree = "<group>"; };
		AD467FAC273EE2B2006DFAE2 /* ImageManager.swift */ = {isa = PBXFileReference; lastKnownFileType = sourcecode.swift; path = ImageManager.swift; sourceTree = "<group>"; };
		AD467FB0273F21B2006DFAE2 /* noimageavailable.png */ = {isa = PBXFileReference; lastKnownFileType = image.png; name = noimageavailable.png; path = ../../../../../../../../Downloads/noimageavailable.png; sourceTree = "<group>"; };
/* End PBXFileReference section */

/* Begin PBXFrameworksBuildPhase section */
		AD467F6F273ECF6B006DFAE2 /* Frameworks */ = {
			isa = PBXFrameworksBuildPhase;
			buildActionMask = 2147483647;
			files = (
			);
			runOnlyForDeploymentPostprocessing = 0;
		};
		AD467F85273ECF6E006DFAE2 /* Frameworks */ = {
			isa = PBXFrameworksBuildPhase;
			buildActionMask = 2147483647;
			files = (
			);
			runOnlyForDeploymentPostprocessing = 0;
		};
		AD467F8F273ECF6E006DFAE2 /* Frameworks */ = {
			isa = PBXFrameworksBuildPhase;
			buildActionMask = 2147483647;
			files = (
			);
			runOnlyForDeploymentPostprocessing = 0;
		};
/* End PBXFrameworksBuildPhase section */

/* Begin PBXGroup section */
		AD467F69273ECF6B006DFAE2 = {
			isa = PBXGroup;
			children = (
				AD467F74273ECF6B006DFAE2 /* imageviewer */,
				AD467F8B273ECF6E006DFAE2 /* imageviewerTests */,
				AD467F95273ECF6E006DFAE2 /* imageviewerUITests */,
				AD467F73273ECF6B006DFAE2 /* Products */,
			);
			sourceTree = "<group>";
		};
		AD467F73273ECF6B006DFAE2 /* Products */ = {
			isa = PBXGroup;
			children = (
				AD467F72273ECF6B006DFAE2 /* imageviewer.app */,
				AD467F88273ECF6E006DFAE2 /* imageviewerTests.xctest */,
				AD467F92273ECF6E006DFAE2 /* imageviewerUITests.xctest */,
			);
			name = Products;
			sourceTree = "<group>";
		};
		AD467F74273ECF6B006DFAE2 /* imageviewer */ = {
			isa = PBXGroup;
			children = (
				AD467FA7273ECFE4006DFAE2 /* Views */,
				AD467FA6273ECFDD006DFAE2 /* Models */,
				AD467FA5273ECFD0006DFAE2 /* Controllers */,
				AD467F75273ECF6B006DFAE2 /* AppDelegate.swift */,
				AD467F77273ECF6B006DFAE2 /* SceneDelegate.swift */,
				AD467F7B273ECF6B006DFAE2 /* Main.storyboard */,
				AD467F7E273ECF6E006DFAE2 /* Assets.xcassets */,
				AD467FB0273F21B2006DFAE2 /* noimageavailable.png */,
				AD467F80273ECF6E006DFAE2 /* LaunchScreen.storyboard */,
				AD467F83273ECF6E006DFAE2 /* Info.plist */,
			);
			path = imageviewer;
			sourceTree = "<group>";
		};
		AD467F8B273ECF6E006DFAE2 /* imageviewerTests */ = {
			isa = PBXGroup;
			children = (
				AD467F8C273ECF6E006DFAE2 /* imageviewerTests.swift */,
			);
			path = imageviewerTests;
			sourceTree = "<group>";
		};
		AD467F95273ECF6E006DFAE2 /* imageviewerUITests */ = {
			isa = PBXGroup;
			children = (
				AD467F96273ECF6E006DFAE2 /* imageviewerUITests.swift */,
				AD467F98273ECF6E006DFAE2 /* imageviewerUITestsLaunchTests.swift */,
			);
			path = imageviewerUITests;
			sourceTree = "<group>";
		};
		AD467FA5273ECFD0006DFAE2 /* Controllers */ = {
			isa = PBXGroup;
			children = (
				AD467F79273ECF6B006DFAE2 /* ImageViewerController.swift */,
				AD467FA8273ED91E006DFAE2 /* NewImageController.swift */,
			);
			path = Controllers;
			sourceTree = "<group>";
		};
		AD467FA6273ECFDD006DFAE2 /* Models */ = {
			isa = PBXGroup;
			children = (
				AD467FAC273EE2B2006DFAE2 /* ImageManager.swift */,
				AD467FAA273EDD43006DFAE2 /* ImageInfo.swift */,
			);
			path = Models;
			sourceTree = "<group>";
		};
		AD467FA7273ECFE4006DFAE2 /* Views */ = {
			isa = PBXGroup;
			children = (
			);
			path = Views;
			sourceTree = "<group>";
		};
/* End PBXGroup section */

/* Begin PBXNativeTarget section */
		AD467F71273ECF6B006DFAE2 /* imageviewer */ = {
			isa = PBXNativeTarget;
			buildConfigurationList = AD467F9C273ECF6E006DFAE2 /* Build configuration list for PBXNativeTarget "imageviewer" */;
			buildPhases = (
				AD467F6E273ECF6B006DFAE2 /* Sources */,
				AD467F6F273ECF6B006DFAE2 /* Frameworks */,
				AD467F70273ECF6B006DFAE2 /* Resources */,
			);
			buildRules = (
			);
			dependencies = (
			);
			name = imageviewer;
			productName = imageviewer;
			productReference = AD467F72273ECF6B006DFAE2 /* imageviewer.app */;
			productType = "com.apple.product-type.application";
		};
		AD467F87273ECF6E006DFAE2 /* imageviewerTests */ = {
			isa = PBXNativeTarget;
			buildConfigurationList = AD467F9F273ECF6E006DFAE2 /* Build configuration list for PBXNativeTarget "imageviewerTests" */;
			buildPhases = (
				AD467F84273ECF6E006DFAE2 /* Sources */,
				AD467F85273ECF6E006DFAE2 /* Frameworks */,
				AD467F86273ECF6E006DFAE2 /* Resources */,
			);
			buildRules = (
			);
			dependencies = (
				AD467F8A273ECF6E006DFAE2 /* PBXTargetDependency */,
			);
			name = imageviewerTests;
			productName = imageviewerTests;
			productReference = AD467F88273ECF6E006DFAE2 /* imageviewerTests.xctest */;
			productType = "com.apple.product-type.bundle.unit-test";
		};
		AD467F91273ECF6E006DFAE2 /* imageviewerUITests */ = {
			isa = PBXNativeTarget;
			buildConfigurationList = AD467FA2273ECF6E006DFAE2 /* Build configuration list for PBXNativeTarget "imageviewerUITests" */;
			buildPhases = (
				AD467F8E273ECF6E006DFAE2 /* Sources */,
				AD467F8F273ECF6E006DFAE2 /* Frameworks */,
				AD467F90273ECF6E006DFAE2 /* Resources */,
			);
			buildRules = (
			);
			dependencies = (
				AD467F94273ECF6E006DFAE2 /* PBXTargetDependency */,
			);
			name = imageviewerUITests;
			productName = imageviewerUITests;
			productReference = AD467F92273ECF6E006DFAE2 /* imageviewerUITests.xctest */;
			productType = "com.apple.product-type.bundle.ui-testing";
		};
/* End PBXNativeTarget section */

/* Begin PBXProject section */
		AD467F6A273ECF6B006DFAE2 /* Project object */ = {
			isa = PBXProject;
			attributes = {
				BuildIndependentTargetsInParallel = 1;
				LastSwiftUpdateCheck = 1300;
				LastUpgradeCheck = 1300;
				TargetAttributes = {
					AD467F71273ECF6B006DFAE2 = {
						CreatedOnToolsVersion = 13.0;
					};
					AD467F87273ECF6E006DFAE2 = {
						CreatedOnToolsVersion = 13.0;
						TestTargetID = AD467F71273ECF6B006DFAE2;
					};
					AD467F91273ECF6E006DFAE2 = {
						CreatedOnToolsVersion = 13.0;
						TestTargetID = AD467F71273ECF6B006DFAE2;
					};
				};
			};
			buildConfigurationList = AD467F6D273ECF6B006DFAE2 /* Build configuration list for PBXProject "imageviewer" */;
			compatibilityVersion = "Xcode 13.0";
			developmentRegion = en;
			hasScannedForEncodings = 0;
			knownRegions = (
				en,
				Base,
			);
			mainGroup = AD467F69273ECF6B006DFAE2;
			productRefGroup = AD467F73273ECF6B006DFAE2 /* Products */;
			projectDirPath = "";
			projectRoot = "";
			targets = (
				AD467F71273ECF6B006DFAE2 /* imageviewer */,
				AD467F87273ECF6E006DFAE2 /* imageviewerTests */,
				AD467F91273ECF6E006DFAE2 /* imageviewerUITests */,
			);
		};
/* End PBXProject section */

/* Begin PBXResourcesBuildPhase section */
		AD467F70273ECF6B006DFAE2 /* Resources */ = {
			isa = PBXResourcesBuildPhase;
			buildActionMask = 2147483647;
			files = (
				AD467FB1273F21B3006DFAE2 /* noimageavailable.png in Resources */,
				AD467F82273ECF6E006DFAE2 /* LaunchScreen.storyboard in Resources */,
				AD467F7F273ECF6E006DFAE2 /* Assets.xcassets in Resources */,
				AD467F7D273ECF6B006DFAE2 /* Main.storyboard in Resources */,
			);
			runOnlyForDeploymentPostprocessing = 0;
		};
		AD467F86273ECF6E006DFAE2 /* Resources */ = {
			isa = PBXResourcesBuildPhase;
			buildActionMask = 2147483647;
			files = (
			);
			runOnlyForDeploymentPostprocessing = 0;
		};
		AD467F90273ECF6E006DFAE2 /* Resources */ = {
			isa = PBXResourcesBuildPhase;
			buildActionMask = 2147483647;
			files = (
			);
			runOnlyForDeploymentPostprocessing = 0;
		};
/* End PBXResourcesBuildPhase section */

/* Begin PBXSourcesBuildPhase section */
		AD467F6E273ECF6B006DFAE2 /* Sources */ = {
			isa = PBXSourcesBuildPhase;
			buildActionMask = 2147483647;
			files = (
				AD467FA9273ED91E006DFAE2 /* NewImageController.swift in Sources */,
				AD467FAB273EDD43006DFAE2 /* ImageInfo.swift in Sources */,
				AD467F7A273ECF6B006DFAE2 /* ImageViewerController.swift in Sources */,
				AD467FAD273EE2B2006DFAE2 /* ImageManager.swift in Sources */,
				AD467F76273ECF6B006DFAE2 /* AppDelegate.swift in Sources */,
				AD467F78273ECF6B006DFAE2 /* SceneDelegate.swift in Sources */,
			);
			runOnlyForDeploymentPostprocessing = 0;
		};
		AD467F84273ECF6E006DFAE2 /* Sources */ = {
			isa = PBXSourcesBuildPhase;
			buildActionMask = 2147483647;
			files = (
				AD467F8D273ECF6E006DFAE2 /* imageviewerTests.swift in Sources */,
			);
			runOnlyForDeploymentPostprocessing = 0;
		};
		AD467F8E273ECF6E006DFAE2 /* Sources */ = {
			isa = PBXSourcesBuildPhase;
			buildActionMask = 2147483647;
			files = (
				AD467F99273ECF6E006DFAE2 /* imageviewerUITestsLaunchTests.swift in Sources */,
				AD467F97273ECF6E006DFAE2 /* imageviewerUITests.swift in Sources */,
			);
			runOnlyForDeploymentPostprocessing = 0;
		};
/* End PBXSourcesBuildPhase section */

/* Begin PBXTargetDependency section */
		AD467F8A273ECF6E006DFAE2 /* PBXTargetDependency */ = {
			isa = PBXTargetDependency;
			target = AD467F71273ECF6B006DFAE2 /* imageviewer */;
			targetProxy = AD467F89273ECF6E006DFAE2 /* PBXContainerItemProxy */;
		};
		AD467F94273ECF6E006DFAE2 /* PBXTargetDependency */ = {
			isa = PBXTargetDependency;
			target = AD467F71273ECF6B006DFAE2 /* imageviewer */;
			targetProxy = AD467F93273ECF6E006DFAE2 /* PBXContainerItemProxy */;
		};
/* End PBXTargetDependency section */

/* Begin PBXVariantGroup section */
		AD467F7B273ECF6B006DFAE2 /* Main.storyboard */ = {
			isa = PBXVariantGroup;
			children = (
				AD467F7C273ECF6B006DFAE2 /* Base */,
			);
			name = Main.storyboard;
			sourceTree = "<group>";
		};
		AD467F80273ECF6E006DFAE2 /* LaunchScreen.storyboard */ = {
			isa = PBXVariantGroup;
			children = (
				AD467F81273ECF6E006DFAE2 /* Base */,
			);
			name = LaunchScreen.storyboard;
			sourceTree = "<group>";
		};
/* End PBXVariantGroup section */

/* Begin XCBuildConfiguration section */
		AD467F9A273ECF6E006DFAE2 /* Debug */ = {
			isa = XCBuildConfiguration;
			buildSettings = {
				ALWAYS_SEARCH_USER_PATHS = NO;
				CLANG_ANALYZER_NONNULL = YES;
				CLANG_ANALYZER_NUMBER_OBJECT_CONVERSION = YES_AGGRESSIVE;
				CLANG_CXX_LANGUAGE_STANDARD = "gnu++17";
				CLANG_CXX_LIBRARY = "libc++";
				CLANG_ENABLE_MODULES = YES;
				CLANG_ENABLE_OBJC_ARC = YES;
				CLANG_ENABLE_OBJC_WEAK = YES;
				CLANG_WARN_BLOCK_CAPTURE_AUTORELEASING = YES;
				CLANG_WARN_BOOL_CONVERSION = YES;
				CLANG_WARN_COMMA = YES;
				CLANG_WARN_CONSTANT_CONVERSION = YES;
				CLANG_WARN_DEPRECATED_OBJC_IMPLEMENTATIONS = YES;
				CLANG_WARN_DIRECT_OBJC_ISA_USAGE = YES_ERROR;
				CLANG_WARN_DOCUMENTATION_COMMENTS = YES;
				CLANG_WARN_EMPTY_BODY = YES;
				CLANG_WARN_ENUM_CONVERSION = YES;
				CLANG_WARN_INFINITE_RECURSION = YES;
				CLANG_WARN_INT_CONVERSION = YES;
				CLANG_WARN_NON_LITERAL_NULL_CONVERSION = YES;
				CLANG_WARN_OBJC_IMPLICIT_RETAIN_SELF = YES;
				CLANG_WARN_OBJC_LITERAL_CONVERSION = YES;
				CLANG_WARN_OBJC_ROOT_CLASS = YES_ERROR;
				CLANG_WARN_QUOTED_INCLUDE_IN_FRAMEWORK_HEADER = YES;
				CLANG_WARN_RANGE_LOOP_ANALYSIS = YES;
				CLANG_WARN_STRICT_PROTOTYPES = YES;
				CLANG_WARN_SUSPICIOUS_MOVE = YES;
				CLANG_WARN_UNGUARDED_AVAILABILITY = YES_AGGRESSIVE;
				CLANG_WARN_UNREACHABLE_CODE = YES;
				CLANG_WARN__DUPLICATE_METHOD_MATCH = YES;
				COPY_PHASE_STRIP = NO;
				DEBUG_INFORMATION_FORMAT = dwarf;
				ENABLE_STRICT_OBJC_MSGSEND = YES;
				ENABLE_TESTABILITY = YES;
				GCC_C_LANGUAGE_STANDARD = gnu11;
				GCC_DYNAMIC_NO_PIC = NO;
				GCC_NO_COMMON_BLOCKS = YES;
				GCC_OPTIMIZATION_LEVEL = 0;
				GCC_PREPROCESSOR_DEFINITIONS = (
					"DEBUG=1",
					"$(inherited)",
				);
				GCC_WARN_64_TO_32_BIT_CONVERSION = YES;
				GCC_WARN_ABOUT_RETURN_TYPE = YES_ERROR;
				GCC_WARN_UNDECLARED_SELECTOR = YES;
				GCC_WARN_UNINITIALIZED_AUTOS = YES_AGGRESSIVE;
				GCC_WARN_UNUSED_FUNCTION = YES;
				GCC_WARN_UNUSED_VARIABLE = YES;
				IPHONEOS_DEPLOYMENT_TARGET = 15.0;
				MTL_ENABLE_DEBUG_INFO = INCLUDE_SOURCE;
				MTL_FAST_MATH = YES;
				ONLY_ACTIVE_ARCH = YES;
				SDKROOT = iphoneos;
				SWIFT_ACTIVE_COMPILATION_CONDITIONS = DEBUG;
				SWIFT_OPTIMIZATION_LEVEL = "-Onone";
			};
			name = Debug;
		};
		AD467F9B273ECF6E006DFAE2 /* Release */ = {
			isa = XCBuildConfiguration;
			buildSettings = {
				ALWAYS_SEARCH_USER_PATHS = NO;
				CLANG_ANALYZER_NONNULL = YES;
				CLANG_ANALYZER_NUMBER_OBJECT_CONVERSION = YES_AGGRESSIVE;
				CLANG_CXX_LANGUAGE_STANDARD = "gnu++17";
				CLANG_CXX_LIBRARY = "libc++";
				CLANG_ENABLE_MODULES = YES;
				CLANG_ENABLE_OBJC_ARC = YES;
				CLANG_ENABLE_OBJC_WEAK = YES;
				CLANG_WARN_BLOCK_CAPTURE_AUTORELEASING = YES;
				CLANG_WARN_BOOL_CONVERSION = YES;
				CLANG_WARN_COMMA = YES;
				CLANG_WARN_CONSTANT_CONVERSION = YES;
				CLANG_WARN_DEPRECATED_OBJC_IMPLEMENTATIONS = YES;
				CLANG_WARN_DIRECT_OBJC_ISA_USAGE = YES_ERROR;
				CLANG_WARN_DOCUMENTATION_COMMENTS = YES;
				CLANG_WARN_EMPTY_BODY = YES;
				CLANG_WARN_ENUM_CONVERSION = YES;
				CLANG_WARN_INFINITE_RECURSION = YES;
				CLANG_WARN_INT_CONVERSION = YES;
				CLANG_WARN_NON_LITERAL_NULL_CONVERSION = YES;
				CLANG_WARN_OBJC_IMPLICIT_RETAIN_SELF = YES;
				CLANG_WARN_OBJC_LITERAL_CONVERSION = YES;
				CLANG_WARN_OBJC_ROOT_CLASS = YES_ERROR;
				CLANG_WARN_QUOTED_INCLUDE_IN_FRAMEWORK_HEADER = YES;
				CLANG_WARN_RANGE_LOOP_ANALYSIS = YES;
				CLANG_WARN_STRICT_PROTOTYPES = YES;
				CLANG_WARN_SUSPICIOUS_MOVE = YES;
				CLANG_WARN_UNGUARDED_AVAILABILITY = YES_AGGRESSIVE;
				CLANG_WARN_UNREACHABLE_CODE = YES;
				CLANG_WARN__DUPLICATE_METHOD_MATCH = YES;
				COPY_PHASE_STRIP = NO;
				DEBUG_INFORMATION_FORMAT = "dwarf-with-dsym";
				ENABLE_NS_ASSERTIONS = NO;
				ENABLE_STRICT_OBJC_MSGSEND = YES;
				GCC_C_LANGUAGE_STANDARD = gnu11;
				GCC_NO_COMMON_BLOCKS = YES;
				GCC_WARN_64_TO_32_BIT_CONVERSION = YES;
				GCC_WARN_ABOUT_RETURN_TYPE = YES_ERROR;
				GCC_WARN_UNDECLARED_SELECTOR = YES;
				GCC_WARN_UNINITIALIZED_AUTOS = YES_AGGRESSIVE;
				GCC_WARN_UNUSED_FUNCTION = YES;
				GCC_WARN_UNUSED_VARIABLE = YES;
				IPHONEOS_DEPLOYMENT_TARGET = 15.0;
				MTL_ENABLE_DEBUG_INFO = NO;
				MTL_FAST_MATH = YES;
				SDKROOT = iphoneos;
				SWIFT_COMPILATION_MODE = wholemodule;
				SWIFT_OPTIMIZATION_LEVEL = "-O";
				VALIDATE_PRODUCT = YES;
			};
			name = Release;
		};
		AD467F9D273ECF6E006DFAE2 /* Debug */ = {
			isa = XCBuildConfiguration;
			buildSettings = {
				ASSETCATALOG_COMPILER_APPICON_NAME = AppIcon;
				ASSETCATALOG_COMPILER_GLOBAL_ACCENT_COLOR_NAME = AccentColor;
				CODE_SIGN_STYLE = Automatic;
				CURRENT_PROJECT_VERSION = 1;
				GENERATE_INFOPLIST_FILE = YES;
				INFOPLIST_FILE = imageviewer/Info.plist;
				INFOPLIST_KEY_UIApplicationSupportsIndirectInputEvents = YES;
				INFOPLIST_KEY_UILaunchStoryboardName = LaunchScreen;
				INFOPLIST_KEY_UIMainStoryboardFile = Main;
				INFOPLIST_KEY_UISupportedInterfaceOrientations_iPad = "UIInterfaceOrientationPortrait UIInterfaceOrientationPortraitUpsideDown UIInterfaceOrientationLandscapeLeft UIInterfaceOrientationLandscapeRight";
				INFOPLIST_KEY_UISupportedInterfaceOrientations_iPhone = "UIInterfaceOrientationPortrait UIInterfaceOrientationLandscapeLeft UIInterfaceOrientationLandscapeRight";
				LD_RUNPATH_SEARCH_PATHS = (
					"$(inherited)",
					"@executable_path/Frameworks",
				);
				MARKETING_VERSION = 1.0;
				PRODUCT_BUNDLE_IDENTIFIER = com.cae.imageviewer;
				PRODUCT_NAME = "$(TARGET_NAME)";
				SWIFT_EMIT_LOC_STRINGS = YES;
				SWIFT_VERSION = 5.0;
				TARGETED_DEVICE_FAMILY = "1,2";
			};
			name = Debug;
		};
		AD467F9E273ECF6E006DFAE2 /* Release */ = {
			isa = XCBuildConfiguration;
			buildSettings = {
				ASSETCATALOG_COMPILER_APPICON_NAME = AppIcon;
				ASSETCATALOG_COMPILER_GLOBAL_ACCENT_COLOR_NAME = AccentColor;
				CODE_SIGN_STYLE = Automatic;
				CURRENT_PROJECT_VERSION = 1;
				GENERATE_INFOPLIST_FILE = YES;
				INFOPLIST_FILE = imageviewer/Info.plist;
				INFOPLIST_KEY_UIApplicationSupportsIndirectInputEvents = YES;
				INFOPLIST_KEY_UILaunchStoryboardName = LaunchScreen;
				INFOPLIST_KEY_UIMainStoryboardFile = Main;
				INFOPLIST_KEY_UISupportedInterfaceOrientations_iPad = "UIInterfaceOrientationPortrait UIInterfaceOrientationPortraitUpsideDown UIInterfaceOrientationLandscapeLeft UIInterfaceOrientationLandscapeRight";
				INFOPLIST_KEY_UISupportedInterfaceOrientations_iPhone = "UIInterfaceOrientationPortrait UIInterfaceOrientationLandscapeLeft UIInterfaceOrientationLandscapeRight";
				LD_RUNPATH_SEARCH_PATHS = (
					"$(inherited)",
					"@executable_path/Frameworks",
				);
				MARKETING_VERSION = 1.0;
				PRODUCT_BUNDLE_IDENTIFIER = com.cae.imageviewer;
				PRODUCT_NAME = "$(TARGET_NAME)";
				SWIFT_EMIT_LOC_STRINGS = YES;
				SWIFT_VERSION = 5.0;
				TARGETED_DEVICE_FAMILY = "1,2";
			};
			name = Release;
		};
		AD467FA0273ECF6E006DFAE2 /* Debug */ = {
			isa = XCBuildConfiguration;
			buildSettings = {
				ALWAYS_EMBED_SWIFT_STANDARD_LIBRARIES = YES;
				BUNDLE_LOADER = "$(TEST_HOST)";
				CODE_SIGN_STYLE = Automatic;
				CURRENT_PROJECT_VERSION = 1;
				GENERATE_INFOPLIST_FILE = YES;
				IPHONEOS_DEPLOYMENT_TARGET = 15.0;
				LD_RUNPATH_SEARCH_PATHS = (
					"$(inherited)",
					"@executable_path/Frameworks",
					"@loader_path/Frameworks",
				);
				MARKETING_VERSION = 1.0;
				PRODUCT_BUNDLE_IDENTIFIER = com.cae.imageviewerTests;
				PRODUCT_NAME = "$(TARGET_NAME)";
				SWIFT_EMIT_LOC_STRINGS = NO;
				SWIFT_VERSION = 5.0;
				TARGETED_DEVICE_FAMILY = "1,2";
				TEST_HOST = "$(BUILT_PRODUCTS_DIR)/imageviewer.app/imageviewer";
			};
			name = Debug;
		};
		AD467FA1273ECF6E006DFAE2 /* Release */ = {
			isa = XCBuildConfiguration;
			buildSettings = {
				ALWAYS_EMBED_SWIFT_STANDARD_LIBRARIES = YES;
				BUNDLE_LOADER = "$(TEST_HOST)";
				CODE_SIGN_STYLE = Automatic;
				CURRENT_PROJECT_VERSION = 1;
				GENERATE_INFOPLIST_FILE = YES;
				IPHONEOS_DEPLOYMENT_TARGET = 15.0;
				LD_RUNPATH_SEARCH_PATHS = (
					"$(inherited)",
					"@executable_path/Frameworks",
					"@loader_path/Frameworks",
				);
				MARKETING_VERSION = 1.0;
				PRODUCT_BUNDLE_IDENTIFIER = com.cae.imageviewerTests;
				PRODUCT_NAME = "$(TARGET_NAME)";
				SWIFT_EMIT_LOC_STRINGS = NO;
				SWIFT_VERSION = 5.0;
				TARGETED_DEVICE_FAMILY = "1,2";
				TEST_HOST = "$(BUILT_PRODUCTS_DIR)/imageviewer.app/imageviewer";
			};
			name = Release;
		};
		AD467FA3273ECF6E006DFAE2 /* Debug */ = {
			isa = XCBuildConfiguration;
			buildSettings = {
				ALWAYS_EMBED_SWIFT_STANDARD_LIBRARIES = YES;
				CODE_SIGN_STYLE = Automatic;
				CURRENT_PROJECT_VERSION = 1;
				GENERATE_INFOPLIST_FILE = YES;
				LD_RUNPATH_SEARCH_PATHS = (
					"$(inherited)",
					"@executable_path/Frameworks",
					"@loader_path/Frameworks",
				);
				MARKETING_VERSION = 1.0;
				PRODUCT_BUNDLE_IDENTIFIER = com.cae.imageviewerUITests;
				PRODUCT_NAME = "$(TARGET_NAME)";
				SWIFT_EMIT_LOC_STRINGS = NO;
				SWIFT_VERSION = 5.0;
				TARGETED_DEVICE_FAMILY = "1,2";
				TEST_TARGET_NAME = imageviewer;
			};
			name = Debug;
		};
		AD467FA4273ECF6E006DFAE2 /* Release */ = {
			isa = XCBuildConfiguration;
			buildSettings = {
				ALWAYS_EMBED_SWIFT_STANDARD_LIBRARIES = YES;
				CODE_SIGN_STYLE = Automatic;
				CURRENT_PROJECT_VERSION = 1;
				GENERATE_INFOPLIST_FILE = YES;
				LD_RUNPATH_SEARCH_PATHS = (
					"$(inherited)",
					"@executable_path/Frameworks",
					"@loader_path/Frameworks",
				);
				MARKETING_VERSION = 1.0;
				PRODUCT_BUNDLE_IDENTIFIER = com.cae.imageviewerUITests;
				PRODUCT_NAME = "$(TARGET_NAME)";
				SWIFT_EMIT_LOC_STRINGS = NO;
				SWIFT_VERSION = 5.0;
				TARGETED_DEVICE_FAMILY = "1,2";
				TEST_TARGET_NAME = imageviewer;
			};
			name = Release;
		};
/* End XCBuildConfiguration section */

/* Begin XCConfigurationList section */
		AD467F6D273ECF6B006DFAE2 /* Build configuration list for PBXProject "imageviewer" */ = {
			isa = XCConfigurationList;
			buildConfigurations = (
				AD467F9A273ECF6E006DFAE2 /* Debug */,
				AD467F9B273ECF6E006DFAE2 /* Release */,
			);
			defaultConfigurationIsVisible = 0;
			defaultConfigurationName = Release;
		};
		AD467F9C273ECF6E006DFAE2 /* Build configuration list for PBXNativeTarget "imageviewer" */ = {
			isa = XCConfigurationList;
			buildConfigurations = (
				AD467F9D273ECF6E006DFAE2 /* Debug */,
				AD467F9E273ECF6E006DFAE2 /* Release */,
			);
			defaultConfigurationIsVisible = 0;
			defaultConfigurationName = Release;
		};
		AD467F9F273ECF6E006DFAE2 /* Build configuration list for PBXNativeTarget "imageviewerTests" */ = {
			isa = XCConfigurationList;
			buildConfigurations = (
				AD467FA0273ECF6E006DFAE2 /* Debug */,
				AD467FA1273ECF6E006DFAE2 /* Release */,
			);
			defaultConfigurationIsVisible = 0;
			defaultConfigurationName = Release;
		};
		AD467FA2273ECF6E006DFAE2 /* Build configuration list for PBXNativeTarget "imageviewerUITests" */ = {
			isa = XCConfigurationList;
			buildConfigurations = (
				AD467FA3273ECF6E006DFAE2 /* Debug */,
				AD467FA4273ECF6E006DFAE2 /* Release */,
			);
			defaultConfigurationIsVisible = 0;
			defaultConfigurationName = Release;
		};
/* End XCConfigurationList section */
	};
	rootObject = AD467F6A273ECF6B006DFAE2 /* Project object */;
}
